
Microsoft Visual Studio Solution File, Format Version 12.00
# Visual Studio 15
VisualStudioVersion = 15.0.28307.106
MinimumVisualStudioVersion = 10.0.40219.1
Project("{9A19103F-16F7-4668-BE54-9A1E7A4F7556}") = "AForge.Core", "DotNetCore\AForge.Core\AForge.Core.csproj", "{537B1B39-B750-44A1-8DC9-7FB9CABE9B02}"
EndProject
Project("{9A19103F-16F7-4668-BE54-9A1E7A4F7556}") = "AForge.Video.Core", "DotNetCore\AForge.Video.Core\AForge.Video.Core.csproj", "{5B7F7C15-CFBB-4061-B5E5-EE89462EB998}"
EndProject
Project("{9A19103F-16F7-4668-BE54-9A1E7A4F7556}") = "AForge.Video.Core.ConsoleApplication", "AForge.Video.Core.ConsoleApplication\AForge.Video.Core.ConsoleApplication.csproj", "{AEFE9831-6B07-410C-8D88-C95E35FA813E}"
EndProject
Global
	GlobalSection(SolutionConfigurationPlatforms) = preSolution
		Debug|Any CPU = Debug|Any CPU
		Release|Any CPU = Release|Any CPU
	EndGlobalSection
	GlobalSection(ProjectConfigurationPlatforms) = postSolution
		{537B1B39-B750-44A1-8DC9-7FB9CABE9B02}.Debug|Any CPU.ActiveCfg = Debug|Any CPU
		{537B1B39-B750-44A1-8DC9-7FB9CABE9B02}.Debug|Any CPU.Build.0 = Debug|Any CPU
		{537B1B39-B750-44A1-8DC9-7FB9CABE9B02}.Release|Any CPU.ActiveCfg = Release|Any CPU
		{537B1B39-B750-44A1-8DC9-7FB9CABE9B02}.Release|Any CPU.Build.0 = Release|Any CPU
		{5B7F7C15-CFBB-4061-B5E5-EE89462EB998}.Debug|Any CPU.ActiveCfg = Debug|Any CPU
		{5B7F7C15-CFBB-4061-B5E5-EE89462EB998}.Debug|Any CPU.Build.0 = Debug|Any CPU
		{5B7F7C15-CFBB-4061-B5E5-EE89462EB998}.Release|Any CPU.ActiveCfg = Release|Any CPU
		{5B7F7C15-CFBB-4061-B5E5-EE89462EB998}.Release|Any CPU.Build.0 = Release|Any CPU
		{AEFE9831-6B07-410C-8D88-C95E35FA813E}.Debug|Any CPU.ActiveCfg = Debug|Any CPU
		{AEFE9831-6B07-410C-8D88-C95E35FA813E}.Debug|Any CPU.Build.0 = Debug|Any CPU
		{AEFE9831-6B07-410C-8D88-C95E35FA813E}.Release|Any CPU.ActiveCfg = Release|Any CPU
		{AEFE9831-6B07-410C-8D88-C95E35FA813E}.Release|Any CPU.Build.0 = Release|Any CPU
	EndGlobalSection
	GlobalSection(SolutionProperties) = preSolution
		HideSolutionNode = FALSE
	EndGlobalSection
	GlobalSection(ExtensibilityGlobals) = postSolution
		SolutionGuid = {AB88C592-996C-45B3-AD09-9851A9F608E3}
	EndGlobalSection
EndGlobal
