
Microsoft Visual Studio Solution File, Format Version 12.00
# Visual Studio 15
VisualStudioVersion = 15.0.28307.106
MinimumVisualStudioVersion = 10.0.40219.1
Project("{9A19103F-16F7-4668-BE54-9A1E7A4F7556}") = "AForge.Core", "DotNetCore\AForge.Core\AForge.Core.csproj", "{537B1B39-B750-44A1-8DC9-7FB9CABE9B02}"
EndProject
Project("{9A19103F-16F7-4668-BE54-9A1E7A4F7556}") = "AForge.Video.Core", "DotNetCore\AForge.Video.Core\AForge.Video.Core.csproj", "{5B7F7C15-CFBB-4061-B5E5-EE89462EB998}"
EndProject
Project("{FAE04EC0-301F-11D3-BF4B-00C04F79EFBC}") = "AForge.Math.Core", "DotNetCore\AForge.Math.Core\AForge.Math.Core.csproj", "{39D83022-CE28-41C0-A688-E144D2FAAEDD}"
EndProject
Project("{FAE04EC0-301F-11D3-BF4B-00C04F79EFBC}") = "AForge.Imaging.Core", "DotNetCore\AForge.Imaging.Core\AForge.Imaging.Core.csproj", "{7F2E6383-5625-464A-AD0E-52B94968CE89}"
EndProject
Project("{FAE04EC0-301F-11D3-BF4B-00C04F79EFBC}") = "AForge.Vision.Core", "DotNetCore\AForge.Vision.Core\AForge.Vision.Core.csproj", "{8D7C044A-59B0-466D-A4CB-9376253523B9}"
EndProject
Project("{9A19103F-16F7-4668-BE54-9A1E7A4F7556}") = "AForge.Video.Core.App", "AForge.Video.Core.App\AForge.Video.Core.App.csproj", "{0F960F12-7743-4D2D-B77F-17E4E6FD206E}"
EndProject
Global
	GlobalSection(SolutionConfigurationPlatforms) = preSolution
		Debug|Any CPU = Debug|Any CPU
		Release|Any CPU = Release|Any CPU
	EndGlobalSection
	GlobalSection(ProjectConfigurationPlatforms) = postSolution
		{537B1B39-B750-44A1-8DC9-7FB9CABE9B02}.Debug|Any CPU.ActiveCfg = Debug|Any CPU
		{537B1B39-B750-44A1-8DC9-7FB9CABE9B02}.Debug|Any CPU.Build.0 = Debug|Any CPU
		{537B1B39-B750-44A1-8DC9-7FB9CABE9B02}.Release|Any CPU.ActiveCfg = Release|Any CPU
		{537B1B39-B750-44A1-8DC9-7FB9CABE9B02}.Release|Any CPU.Build.0 = Release|Any CPU
		{5B7F7C15-CFBB-4061-B5E5-EE89462EB998}.Debug|Any CPU.ActiveCfg = Debug|Any CPU
		{5B7F7C15-CFBB-4061-B5E5-EE89462EB998}.Debug|Any CPU.Build.0 = Debug|Any CPU
		{5B7F7C15-CFBB-4061-B5E5-EE89462EB998}.Release|Any CPU.ActiveCfg = Release|Any CPU
		{5B7F7C15-CFBB-4061-B5E5-EE89462EB998}.Release|Any CPU.Build.0 = Release|Any CPU
		{39D83022-CE28-41C0-A688-E144D2FAAEDD}.Debug|Any CPU.ActiveCfg = Debug|Any CPU
		{39D83022-CE28-41C0-A688-E144D2FAAEDD}.Debug|Any CPU.Build.0 = Debug|Any CPU
		{39D83022-CE28-41C0-A688-E144D2FAAEDD}.Release|Any CPU.ActiveCfg = Release|Any CPU
		{39D83022-CE28-41C0-A688-E144D2FAAEDD}.Release|Any CPU.Build.0 = Release|Any CPU
		{7F2E6383-5625-464A-AD0E-52B94968CE89}.Debug|Any CPU.ActiveCfg = Debug|Any CPU
		{7F2E6383-5625-464A-AD0E-52B94968CE89}.Debug|Any CPU.Build.0 = Debug|Any CPU
		{7F2E6383-5625-464A-AD0E-52B94968CE89}.Release|Any CPU.ActiveCfg = Release|Any CPU
		{7F2E6383-5625-464A-AD0E-52B94968CE89}.Release|Any CPU.Build.0 = Release|Any CPU
		{8D7C044A-59B0-466D-A4CB-9376253523B9}.Debug|Any CPU.ActiveCfg = Debug|Any CPU
		{8D7C044A-59B0-466D-A4CB-9376253523B9}.Debug|Any CPU.Build.0 = Debug|Any CPU
		{8D7C044A-59B0-466D-A4CB-9376253523B9}.Release|Any CPU.ActiveCfg = Release|Any CPU
		{8D7C044A-59B0-466D-A4CB-9376253523B9}.Release|Any CPU.Build.0 = Release|Any CPU
		{0F960F12-7743-4D2D-B77F-17E4E6FD206E}.Debug|Any CPU.ActiveCfg = Debug|Any CPU
		{0F960F12-7743-4D2D-B77F-17E4E6FD206E}.Debug|Any CPU.Build.0 = Debug|Any CPU
		{0F960F12-7743-4D2D-B77F-17E4E6FD206E}.Release|Any CPU.ActiveCfg = Release|Any CPU
		{0F960F12-7743-4D2D-B77F-17E4E6FD206E}.Release|Any CPU.Build.0 = Release|Any CPU
	EndGlobalSection
	GlobalSection(SolutionProperties) = preSolution
		HideSolutionNode = FALSE
	EndGlobalSection
	GlobalSection(ExtensibilityGlobals) = postSolution
		SolutionGuid = {AB88C592-996C-45B3-AD09-9851A9F608E3}
	EndGlobalSection
EndGlobal
